
Microsoft Visual Studio Solution File, Format Version 12.00
# Visual Studio Version 16
VisualStudioVersion = 16.0.29102.190
MinimumVisualStudioVersion = 10.0.40219.1
Project("{FAE04EC0-301F-11D3-BF4B-00C04F79EFBC}") = "ASPNETCoreIdentityDemo", "ASPNETCoreIdentityDemo.csproj", "{05B26869-D033-42D4-80E9-DB825CBA5544}"
EndProject
Global
	GlobalSection(SolutionConfigurationPlatforms) = preSolution
		Debug|Any CPU = Debug|Any CPU
		Release|Any CPU = Release|Any CPU
	EndGlobalSection
	GlobalSection(ProjectConfigurationPlatforms) = postSolution
		{05B26869-D033-42D4-80E9-DB825CBA5544}.Debug|Any CPU.ActiveCfg = Debug|Any CPU
		{05B26869-D033-42D4-80E9-DB825CBA5544}.Debug|Any CPU.Build.0 = Debug|Any CPU
		{05B26869-D033-42D4-80E9-DB825CBA5544}.Release|Any CPU.ActiveCfg = Release|Any CPU
		{05B26869-D033-42D4-80E9-DB825CBA5544}.Release|Any CPU.Build.0 = Release|Any CPU
	EndGlobalSection
	GlobalSection(SolutionProperties) = preSolution
		HideSolutionNode = FALSE
	EndGlobalSection
	GlobalSection(ExtensibilityGlobals) = postSolution
		SolutionGuid = {9C478625-1938-470B-82D7-6346B3E63AF0}
	EndGlobalSection
EndGlobal
